
Microsoft Visual Studio Solution File, Format Version 12.00
Project("{FAE04EC0-301F-11D3-BF4B-00C04F79EFBC}") = "AccountManagementService.Api", "AccountManagementService.Api\AccountManagementService.Api.csproj", "{09F3F1CA-CBE5-417E-A11B-3B5FD5D51D0D}"
EndProject
Project("{FAE04EC0-301F-11D3-BF4B-00C04F79EFBC}") = "AccountManagementService.Domain", "AccountManagementService.Domain\AccountManagementService.Domain.csproj", "{956E2371-E705-47BE-A8A7-03669C41BA01}"
EndProject
Project("{FAE04EC0-301F-11D3-BF4B-00C04F79EFBC}") = "AccountManagementService.Repository", "AccountManagementService.Repository\AccountManagementService.Repository.csproj", "{9E32BE0E-FE31-4AD5-8E1A-A45B5676D813}"
EndProject
Project("{2150E333-8FDC-42A3-9474-1A3956D46DE8}") = "tests", "tests", "{057462C3-5CFB-4758-91C1-5004F9AE7E85}"
EndProject
Project("{2150E333-8FDC-42A3-9474-1A3956D46DE8}") = "src", "src", "{B2D63D59-76E1-45B7-B84C-619E2251506E}"
EndProject
Project("{FAE04EC0-301F-11D3-BF4B-00C04F79EFBC}") = "AccountManagementService.UnitTests", "AccountManagementService.UnitTests\AccountManagementService.UnitTests.csproj", "{2D582000-C24F-4D4F-A768-D155C49422B9}"
EndProject
Global
	GlobalSection(SolutionConfigurationPlatforms) = preSolution
		Debug|Any CPU = Debug|Any CPU
		Release|Any CPU = Release|Any CPU
	EndGlobalSection
	GlobalSection(ProjectConfigurationPlatforms) = postSolution
		{09F3F1CA-CBE5-417E-A11B-3B5FD5D51D0D}.Debug|Any CPU.ActiveCfg = Debug|Any CPU
		{09F3F1CA-CBE5-417E-A11B-3B5FD5D51D0D}.Debug|Any CPU.Build.0 = Debug|Any CPU
		{09F3F1CA-CBE5-417E-A11B-3B5FD5D51D0D}.Release|Any CPU.ActiveCfg = Release|Any CPU
		{09F3F1CA-CBE5-417E-A11B-3B5FD5D51D0D}.Release|Any CPU.Build.0 = Release|Any CPU
		{956E2371-E705-47BE-A8A7-03669C41BA01}.Debug|Any CPU.ActiveCfg = Debug|Any CPU
		{956E2371-E705-47BE-A8A7-03669C41BA01}.Debug|Any CPU.Build.0 = Debug|Any CPU
		{956E2371-E705-47BE-A8A7-03669C41BA01}.Release|Any CPU.ActiveCfg = Release|Any CPU
		{956E2371-E705-47BE-A8A7-03669C41BA01}.Release|Any CPU.Build.0 = Release|Any CPU
		{9E32BE0E-FE31-4AD5-8E1A-A45B5676D813}.Debug|Any CPU.ActiveCfg = Debug|Any CPU
		{9E32BE0E-FE31-4AD5-8E1A-A45B5676D813}.Debug|Any CPU.Build.0 = Debug|Any CPU
		{9E32BE0E-FE31-4AD5-8E1A-A45B5676D813}.Release|Any CPU.ActiveCfg = Release|Any CPU
		{9E32BE0E-FE31-4AD5-8E1A-A45B5676D813}.Release|Any CPU.Build.0 = Release|Any CPU
		{2D582000-C24F-4D4F-A768-D155C49422B9}.Debug|Any CPU.ActiveCfg = Debug|Any CPU
		{2D582000-C24F-4D4F-A768-D155C49422B9}.Debug|Any CPU.Build.0 = Debug|Any CPU
		{2D582000-C24F-4D4F-A768-D155C49422B9}.Release|Any CPU.ActiveCfg = Release|Any CPU
		{2D582000-C24F-4D4F-A768-D155C49422B9}.Release|Any CPU.Build.0 = Release|Any CPU
	EndGlobalSection
	GlobalSection(NestedProjects) = preSolution
		{09F3F1CA-CBE5-417E-A11B-3B5FD5D51D0D} = {B2D63D59-76E1-45B7-B84C-619E2251506E}
		{956E2371-E705-47BE-A8A7-03669C41BA01} = {B2D63D59-76E1-45B7-B84C-619E2251506E}
		{9E32BE0E-FE31-4AD5-8E1A-A45B5676D813} = {B2D63D59-76E1-45B7-B84C-619E2251506E}
		{2D582000-C24F-4D4F-A768-D155C49422B9} = {057462C3-5CFB-4758-91C1-5004F9AE7E85}
	EndGlobalSection
EndGlobal
